apiVersion: vendir.k14s.io/v1alpha1
directories:
- contents:
  - git:
      commitTitle: 'chore(deps): bump github.com/sigstore/rekor from 1.2.0 to 1.2.1
        (#4533)'
      sha: 854b63940a530155b70c94787c34d922ee2ef4b4
      tags:
      - v0.42.0
    path: .
  path: helm/trivy/charts
kind: LockConfig
