apiVersion: vendir.k14s.io/v1alpha1
directories:
- contents:
  - git:
      commitTitle: 'chore(deps): bump github.com/aws/aws-sdk-go-v2/service/ec2 from
        1.86.1 to 1.89.1 (#3827)...'
      sha: a12f58be57931c13b5ba9016bc8afd52bd63d3ae
      tags:
      - v0.38.3
    path: .
  path: helm/trivy/charts
kind: LockConfig
