apiVersion: vendir.k14s.io/v1alpha1
directories:
- contents:
  - git:
      commitTitle: 'feat(flag): Support globstar for `--skip-files` and `--skip-directories`
        (#4026)...'
      sha: b43b19ba54cbf30adfaf98febccef033701a1df3
      tags:
      - v0.40.0
    path: .
  path: helm/trivy/charts
kind: LockConfig
